
Microsoft Visual Studio Solution File, Format Version 12.00
# Visual Studio 2013
VisualStudioVersion = 12.0.40629.0
MinimumVisualStudioVersion = 10.0.40219.1
Project("{FAE04EC0-301F-11D3-BF4B-00C04F79EFBC}") = "Lithnet.MetadirectoryServices", "Lithnet.MetadirectoryServices.csproj", "{1945C053-72CE-4AC0-8A7F-4AF43D936B44}"
EndProject
Project("{7CF6DF6D-3B04-46F8-A40B-537D21BCA0B4}") = "Lithnet.MetadirectoryServices.Help", "..\Lithnet.MetadirectoryServices.Help\Lithnet.MetadirectoryServices.Help.shfbproj", "{DFE8E177-D9A4-4E88-A836-4EFFF0DC1343}"
EndProject
Project("{FAE04EC0-301F-11D3-BF4B-00C04F79EFBC}") = "Lithnet.MetadirectoryServices.Help.Examples", "..\Lithnet.MetadirectoryServices.Help.Examples\Lithnet.MetadirectoryServices.Help.Examples.csproj", "{DEE09244-515A-4756-AA4C-9533898CEA37}"
EndProject
Project("{FAE04EC0-301F-11D3-BF4B-00C04F79EFBC}") = "Lithnet.MetadirectoryServices.Resolver", "..\Lithnet.MetadirectoryServices.Resolver\Lithnet.MetadirectoryServices.Resolver.csproj", "{F996930E-8FD5-4641-83B0-6F18867E9761}"
EndProject
Global
	GlobalSection(SolutionConfigurationPlatforms) = preSolution
		Debug|Any CPU = Debug|Any CPU
		Release|Any CPU = Release|Any CPU
	EndGlobalSection
	GlobalSection(ProjectConfigurationPlatforms) = postSolution
		{1945C053-72CE-4AC0-8A7F-4AF43D936B44}.Debug|Any CPU.ActiveCfg = Debug|Any CPU
		{1945C053-72CE-4AC0-8A7F-4AF43D936B44}.Debug|Any CPU.Build.0 = Debug|Any CPU
		{1945C053-72CE-4AC0-8A7F-4AF43D936B44}.Release|Any CPU.ActiveCfg = Release|Any CPU
		{1945C053-72CE-4AC0-8A7F-4AF43D936B44}.Release|Any CPU.Build.0 = Release|Any CPU
		{DFE8E177-D9A4-4E88-A836-4EFFF0DC1343}.Debug|Any CPU.ActiveCfg = Debug|Any CPU
		{DFE8E177-D9A4-4E88-A836-4EFFF0DC1343}.Release|Any CPU.ActiveCfg = Release|Any CPU
		{DFE8E177-D9A4-4E88-A836-4EFFF0DC1343}.Release|Any CPU.Build.0 = Release|Any CPU
		{DEE09244-515A-4756-AA4C-9533898CEA37}.Debug|Any CPU.ActiveCfg = Debug|Any CPU
		{DEE09244-515A-4756-AA4C-9533898CEA37}.Debug|Any CPU.Build.0 = Debug|Any CPU
		{DEE09244-515A-4756-AA4C-9533898CEA37}.Release|Any CPU.ActiveCfg = Release|Any CPU
		{DEE09244-515A-4756-AA4C-9533898CEA37}.Release|Any CPU.Build.0 = Release|Any CPU
		{F996930E-8FD5-4641-83B0-6F18867E9761}.Debug|Any CPU.ActiveCfg = Debug|Any CPU
		{F996930E-8FD5-4641-83B0-6F18867E9761}.Debug|Any CPU.Build.0 = Debug|Any CPU
		{F996930E-8FD5-4641-83B0-6F18867E9761}.Release|Any CPU.ActiveCfg = Release|Any CPU
		{F996930E-8FD5-4641-83B0-6F18867E9761}.Release|Any CPU.Build.0 = Release|Any CPU
	EndGlobalSection
	GlobalSection(SolutionProperties) = preSolution
		HideSolutionNode = FALSE
	EndGlobalSection
EndGlobal
